
Microsoft Visual Studio Solution File, Format Version 12.00
# Visual Studio Version 17
VisualStudioVersion = 17.8.34511.84
MinimumVisualStudioVersion = 10.0.40219.1
Project("{FAE04EC0-301F-11D3-BF4B-00C04F79EFBC}") = "WpfApp1", "WpfApp1\WpfApp1.csproj", "{4426436C-93BA-4E01-8C1F-6FCB7E2FB188}"
EndProject
Global
	GlobalSection(SolutionConfigurationPlatforms) = preSolution
		Debug|Any CPU = Debug|Any CPU
		Release|Any CPU = Release|Any CPU
	EndGlobalSection
	GlobalSection(ProjectConfigurationPlatforms) = postSolution
		{4426436C-93BA-4E01-8C1F-6FCB7E2FB188}.Debug|Any CPU.ActiveCfg = Debug|Any CPU
		{4426436C-93BA-4E01-8C1F-6FCB7E2FB188}.Debug|Any CPU.Build.0 = Debug|Any CPU
		{4426436C-93BA-4E01-8C1F-6FCB7E2FB188}.Release|Any CPU.ActiveCfg = Release|Any CPU
		{4426436C-93BA-4E01-8C1F-6FCB7E2FB188}.Release|Any CPU.Build.0 = Release|Any CPU
	EndGlobalSection
	GlobalSection(SolutionProperties) = preSolution
		HideSolutionNode = FALSE
	EndGlobalSection
	GlobalSection(ExtensibilityGlobals) = postSolution
		SolutionGuid = {221E2B0D-915B-41D3-94E7-0E5110D6DD80}
	EndGlobalSection
EndGlobal
